
Microsoft Visual Studio Solution File, Format Version 12.00
# Visual Studio Version 16
VisualStudioVersion = 16.0.31727.386
MinimumVisualStudioVersion = 10.0.40219.1
Project("{6989167D-11E4-40FE-8C1A-2192A86A7E90}") = "Fortran", "Fortran\Fortran.vfproj", "{1DF3CA90-FAD4-42FB-B7DB-9CA15A455AA3}"
EndProject
Project("{888888A0-9F3D-457C-B088-3A5042F75D52}") = "Python", "Python\Python.pyproj", "{5CA4FFDF-626B-4D0E-B42D-D7A1537EF971}"
EndProject
Project("{6989167D-11E4-40FE-8C1A-2192A86A7E90}") = "Coarrays", "Parallel_programming\Coarrays.vfproj", "{9E713B89-C099-4849-9BFB-91F3448B0E70}"
EndProject
Project("{2150E333-8FDC-42A3-9474-1A3956D46DE8}") = "Solution Items", "Solution Items", "{12D692BB-E70A-4B28-858E-94292988E57B}"
	ProjectSection(SolutionItems) = preProject
		.gitignore = .gitignore
	EndProjectSection
EndProject
Project("{6989167D-11E4-40FE-8C1A-2192A86A7E90}") = "matmul", "matmul\matmul.vfproj", "{1DDF76A4-0913-4764-B12E-0421A59883CD}"
EndProject
Project("{8BC9CEB8-8B4A-11D0-8D11-00A0C91BC942}") = "C_matmul", "C_matmul\C_matmul.vcxproj", "{2B3F98FD-9B45-41B4-8DF3-13C19F9FF486}"
EndProject
Project("{888888A0-9F3D-457C-B088-3A5042F75D52}") = "matmul_Python", "Python_matmul\matmul_Python.pyproj", "{D994DC7D-AE7D-41A1-B237-B8AD47B29F16}"
EndProject
Global
	GlobalSection(SolutionConfigurationPlatforms) = preSolution
		Debug|Any CPU = Debug|Any CPU
		Debug|x64 = Debug|x64
		Debug|x86 = Debug|x86
		Release|Any CPU = Release|Any CPU
		Release|x64 = Release|x64
		Release|x86 = Release|x86
	EndGlobalSection
	GlobalSection(ProjectConfigurationPlatforms) = postSolution
		{1DF3CA90-FAD4-42FB-B7DB-9CA15A455AA3}.Debug|Any CPU.ActiveCfg = Debug|x64
		{1DF3CA90-FAD4-42FB-B7DB-9CA15A455AA3}.Debug|Any CPU.Build.0 = Debug|x64
		{1DF3CA90-FAD4-42FB-B7DB-9CA15A455AA3}.Debug|x64.ActiveCfg = Debug|x64
		{1DF3CA90-FAD4-42FB-B7DB-9CA15A455AA3}.Debug|x64.Build.0 = Debug|x64
		{1DF3CA90-FAD4-42FB-B7DB-9CA15A455AA3}.Debug|x86.ActiveCfg = Debug|x64
		{1DF3CA90-FAD4-42FB-B7DB-9CA15A455AA3}.Debug|x86.Build.0 = Debug|x64
		{1DF3CA90-FAD4-42FB-B7DB-9CA15A455AA3}.Release|Any CPU.ActiveCfg = Release|x64
		{1DF3CA90-FAD4-42FB-B7DB-9CA15A455AA3}.Release|Any CPU.Build.0 = Release|x64
		{1DF3CA90-FAD4-42FB-B7DB-9CA15A455AA3}.Release|x64.ActiveCfg = Release|x64
		{1DF3CA90-FAD4-42FB-B7DB-9CA15A455AA3}.Release|x64.Build.0 = Release|x64
		{1DF3CA90-FAD4-42FB-B7DB-9CA15A455AA3}.Release|x86.ActiveCfg = Release|x64
		{1DF3CA90-FAD4-42FB-B7DB-9CA15A455AA3}.Release|x86.Build.0 = Release|x64
		{5CA4FFDF-626B-4D0E-B42D-D7A1537EF971}.Debug|Any CPU.ActiveCfg = Debug|Any CPU
		{5CA4FFDF-626B-4D0E-B42D-D7A1537EF971}.Debug|x64.ActiveCfg = Debug|Any CPU
		{5CA4FFDF-626B-4D0E-B42D-D7A1537EF971}.Debug|x86.ActiveCfg = Debug|Any CPU
		{5CA4FFDF-626B-4D0E-B42D-D7A1537EF971}.Release|Any CPU.ActiveCfg = Release|Any CPU
		{5CA4FFDF-626B-4D0E-B42D-D7A1537EF971}.Release|x64.ActiveCfg = Release|Any CPU
		{5CA4FFDF-626B-4D0E-B42D-D7A1537EF971}.Release|x86.ActiveCfg = Release|Any CPU
		{9E713B89-C099-4849-9BFB-91F3448B0E70}.Debug|Any CPU.ActiveCfg = Debug|Win32
		{9E713B89-C099-4849-9BFB-91F3448B0E70}.Debug|Any CPU.Build.0 = Debug|Win32
		{9E713B89-C099-4849-9BFB-91F3448B0E70}.Debug|x64.ActiveCfg = Debug|x64
		{9E713B89-C099-4849-9BFB-91F3448B0E70}.Debug|x64.Build.0 = Debug|x64
		{9E713B89-C099-4849-9BFB-91F3448B0E70}.Debug|x86.ActiveCfg = Debug|Win32
		{9E713B89-C099-4849-9BFB-91F3448B0E70}.Debug|x86.Build.0 = Debug|Win32
		{9E713B89-C099-4849-9BFB-91F3448B0E70}.Release|Any CPU.ActiveCfg = Release|x64
		{9E713B89-C099-4849-9BFB-91F3448B0E70}.Release|Any CPU.Build.0 = Release|x64
		{9E713B89-C099-4849-9BFB-91F3448B0E70}.Release|x64.ActiveCfg = Release|x64
		{9E713B89-C099-4849-9BFB-91F3448B0E70}.Release|x64.Build.0 = Release|x64
		{9E713B89-C099-4849-9BFB-91F3448B0E70}.Release|x86.ActiveCfg = Release|Win32
		{9E713B89-C099-4849-9BFB-91F3448B0E70}.Release|x86.Build.0 = Release|Win32
		{1DDF76A4-0913-4764-B12E-0421A59883CD}.Debug|Any CPU.ActiveCfg = Debug|Win32
		{1DDF76A4-0913-4764-B12E-0421A59883CD}.Debug|x64.ActiveCfg = Debug|x64
		{1DDF76A4-0913-4764-B12E-0421A59883CD}.Debug|x64.Build.0 = Debug|x64
		{1DDF76A4-0913-4764-B12E-0421A59883CD}.Debug|x86.ActiveCfg = Debug|Win32
		{1DDF76A4-0913-4764-B12E-0421A59883CD}.Debug|x86.Build.0 = Debug|Win32
		{1DDF76A4-0913-4764-B12E-0421A59883CD}.Release|Any CPU.ActiveCfg = Release|x64
		{1DDF76A4-0913-4764-B12E-0421A59883CD}.Release|Any CPU.Build.0 = Release|x64
		{1DDF76A4-0913-4764-B12E-0421A59883CD}.Release|x64.ActiveCfg = Release|x64
		{1DDF76A4-0913-4764-B12E-0421A59883CD}.Release|x64.Build.0 = Release|x64
		{1DDF76A4-0913-4764-B12E-0421A59883CD}.Release|x86.ActiveCfg = Release|Win32
		{1DDF76A4-0913-4764-B12E-0421A59883CD}.Release|x86.Build.0 = Release|Win32
		{2B3F98FD-9B45-41B4-8DF3-13C19F9FF486}.Debug|Any CPU.ActiveCfg = Debug|Win32
		{2B3F98FD-9B45-41B4-8DF3-13C19F9FF486}.Debug|x64.ActiveCfg = Debug|x64
		{2B3F98FD-9B45-41B4-8DF3-13C19F9FF486}.Debug|x64.Build.0 = Debug|x64
		{2B3F98FD-9B45-41B4-8DF3-13C19F9FF486}.Debug|x86.ActiveCfg = Debug|Win32
		{2B3F98FD-9B45-41B4-8DF3-13C19F9FF486}.Debug|x86.Build.0 = Debug|Win32
		{2B3F98FD-9B45-41B4-8DF3-13C19F9FF486}.Release|Any CPU.ActiveCfg = Release|x64
		{2B3F98FD-9B45-41B4-8DF3-13C19F9FF486}.Release|Any CPU.Build.0 = Release|x64
		{2B3F98FD-9B45-41B4-8DF3-13C19F9FF486}.Release|x64.ActiveCfg = Release|x64
		{2B3F98FD-9B45-41B4-8DF3-13C19F9FF486}.Release|x64.Build.0 = Release|x64
		{2B3F98FD-9B45-41B4-8DF3-13C19F9FF486}.Release|x86.ActiveCfg = Release|Win32
		{2B3F98FD-9B45-41B4-8DF3-13C19F9FF486}.Release|x86.Build.0 = Release|Win32
		{D994DC7D-AE7D-41A1-B237-B8AD47B29F16}.Debug|Any CPU.ActiveCfg = Debug|Any CPU
		{D994DC7D-AE7D-41A1-B237-B8AD47B29F16}.Debug|x64.ActiveCfg = Debug|Any CPU
		{D994DC7D-AE7D-41A1-B237-B8AD47B29F16}.Debug|x86.ActiveCfg = Debug|Any CPU
		{D994DC7D-AE7D-41A1-B237-B8AD47B29F16}.Release|Any CPU.ActiveCfg = Release|Any CPU
		{D994DC7D-AE7D-41A1-B237-B8AD47B29F16}.Release|x64.ActiveCfg = Release|Any CPU
		{D994DC7D-AE7D-41A1-B237-B8AD47B29F16}.Release|x86.ActiveCfg = Release|Any CPU
	EndGlobalSection
	GlobalSection(SolutionProperties) = preSolution
		HideSolutionNode = FALSE
	EndGlobalSection
	GlobalSection(ExtensibilityGlobals) = postSolution
		SolutionGuid = {2FEE7848-64A7-438B-804D-2E14DF87E30E}
	EndGlobalSection
EndGlobal
